
Microsoft Visual Studio Solution File, Format Version 12.00
# Visual Studio Version 17
VisualStudioVersion = 17.2.32630.192
MinimumVisualStudioVersion = 10.0.40219.1
Project("{FAE04EC0-301F-11D3-BF4B-00C04F79EFBC}") = "TASK_III_MetWait_V115", "TASK_III_MetWait_V115\TASK_III_MetWait_V115.csproj", "{206DF083-9A4C-486C-8B9F-40246C689645}"
EndProject
Global
	GlobalSection(SolutionConfigurationPlatforms) = preSolution
		Debug|Any CPU = Debug|Any CPU
		Release|Any CPU = Release|Any CPU
	EndGlobalSection
	GlobalSection(ProjectConfigurationPlatforms) = postSolution
		{206DF083-9A4C-486C-8B9F-40246C689645}.Debug|Any CPU.ActiveCfg = Debug|Any CPU
		{206DF083-9A4C-486C-8B9F-40246C689645}.Debug|Any CPU.Build.0 = Debug|Any CPU
		{206DF083-9A4C-486C-8B9F-40246C689645}.Release|Any CPU.ActiveCfg = Release|Any CPU
		{206DF083-9A4C-486C-8B9F-40246C689645}.Release|Any CPU.Build.0 = Release|Any CPU
	EndGlobalSection
	GlobalSection(SolutionProperties) = preSolution
		HideSolutionNode = FALSE
	EndGlobalSection
	GlobalSection(ExtensibilityGlobals) = postSolution
		SolutionGuid = {47C69B8E-FD88-447C-8110-16ADEBAA00C5}
	EndGlobalSection
EndGlobal
