
Microsoft Visual Studio Solution File, Format Version 12.00
# Visual Studio Version 17
VisualStudioVersion = 17.2.32630.192
MinimumVisualStudioVersion = 10.0.40219.1
Project("{FAE04EC0-301F-11D3-BF4B-00C04F79EFBC}") = "Threads_V108", "Threads_V108\Threads_V108.csproj", "{28D4EC18-8754-4BE9-9149-63488C2AE18A}"
EndProject
Global
	GlobalSection(SolutionConfigurationPlatforms) = preSolution
		Debug|Any CPU = Debug|Any CPU
		Release|Any CPU = Release|Any CPU
	EndGlobalSection
	GlobalSection(ProjectConfigurationPlatforms) = postSolution
		{28D4EC18-8754-4BE9-9149-63488C2AE18A}.Debug|Any CPU.ActiveCfg = Debug|Any CPU
		{28D4EC18-8754-4BE9-9149-63488C2AE18A}.Debug|Any CPU.Build.0 = Debug|Any CPU
		{28D4EC18-8754-4BE9-9149-63488C2AE18A}.Release|Any CPU.ActiveCfg = Release|Any CPU
		{28D4EC18-8754-4BE9-9149-63488C2AE18A}.Release|Any CPU.Build.0 = Release|Any CPU
	EndGlobalSection
	GlobalSection(SolutionProperties) = preSolution
		HideSolutionNode = FALSE
	EndGlobalSection
	GlobalSection(ExtensibilityGlobals) = postSolution
		SolutionGuid = {04C152ED-CC09-4C68-BAC6-33110D8F7093}
	EndGlobalSection
EndGlobal
