
Microsoft Visual Studio Solution File, Format Version 12.00
# Visual Studio Version 17
VisualStudioVersion = 17.2.32630.192
MinimumVisualStudioVersion = 10.0.40219.1
Project("{FAE04EC0-301F-11D3-BF4B-00C04F79EFBC}") = "Task_V113", "Task_V113\Task_V113.csproj", "{86880A46-5967-46B3-994E-004E6944B6B4}"
EndProject
Global
	GlobalSection(SolutionConfigurationPlatforms) = preSolution
		Debug|Any CPU = Debug|Any CPU
		Release|Any CPU = Release|Any CPU
	EndGlobalSection
	GlobalSection(ProjectConfigurationPlatforms) = postSolution
		{86880A46-5967-46B3-994E-004E6944B6B4}.Debug|Any CPU.ActiveCfg = Debug|Any CPU
		{86880A46-5967-46B3-994E-004E6944B6B4}.Debug|Any CPU.Build.0 = Debug|Any CPU
		{86880A46-5967-46B3-994E-004E6944B6B4}.Release|Any CPU.ActiveCfg = Release|Any CPU
		{86880A46-5967-46B3-994E-004E6944B6B4}.Release|Any CPU.Build.0 = Release|Any CPU
	EndGlobalSection
	GlobalSection(SolutionProperties) = preSolution
		HideSolutionNode = FALSE
	EndGlobalSection
	GlobalSection(ExtensibilityGlobals) = postSolution
		SolutionGuid = {AC4FEBCE-275D-46EF-93A9-8E694E5B526C}
	EndGlobalSection
EndGlobal
