
Microsoft Visual Studio Solution File, Format Version 12.00
# Visual Studio Version 16
VisualStudioVersion = 16.0.31205.134
MinimumVisualStudioVersion = 10.0.40219.1
Project("{FAE04EC0-301F-11D3-BF4B-00C04F79EFBC}") = "DependencyPropertiesEjem1_V77", "DependencyPropertiesEjem1_V77\DependencyPropertiesEjem1_V77.csproj", "{C5F9A14B-8395-436E-956E-70566DBB63D4}"
EndProject
Global
	GlobalSection(SolutionConfigurationPlatforms) = preSolution
		Debug|Any CPU = Debug|Any CPU
		Release|Any CPU = Release|Any CPU
	EndGlobalSection
	GlobalSection(ProjectConfigurationPlatforms) = postSolution
		{C5F9A14B-8395-436E-956E-70566DBB63D4}.Debug|Any CPU.ActiveCfg = Debug|Any CPU
		{C5F9A14B-8395-436E-956E-70566DBB63D4}.Debug|Any CPU.Build.0 = Debug|Any CPU
		{C5F9A14B-8395-436E-956E-70566DBB63D4}.Release|Any CPU.ActiveCfg = Release|Any CPU
		{C5F9A14B-8395-436E-956E-70566DBB63D4}.Release|Any CPU.Build.0 = Release|Any CPU
	EndGlobalSection
	GlobalSection(SolutionProperties) = preSolution
		HideSolutionNode = FALSE
	EndGlobalSection
	GlobalSection(ExtensibilityGlobals) = postSolution
		SolutionGuid = {8EBE8AE9-7F06-450A-9ECD-D195888C1EE4}
	EndGlobalSection
EndGlobal
