
Microsoft Visual Studio Solution File, Format Version 12.00
# Visual Studio Version 16
VisualStudioVersion = 16.0.31205.134
MinimumVisualStudioVersion = 10.0.40219.1
Project("{FAE04EC0-301F-11D3-BF4B-00C04F79EFBC}") = "RadioButtonSemaforo_V86", "RadioButtonSemaforo_V86\RadioButtonSemaforo_V86.csproj", "{F951CB65-BA41-4187-86C7-D62B415174EF}"
EndProject
Global
	GlobalSection(SolutionConfigurationPlatforms) = preSolution
		Debug|Any CPU = Debug|Any CPU
		Release|Any CPU = Release|Any CPU
	EndGlobalSection
	GlobalSection(ProjectConfigurationPlatforms) = postSolution
		{F951CB65-BA41-4187-86C7-D62B415174EF}.Debug|Any CPU.ActiveCfg = Debug|Any CPU
		{F951CB65-BA41-4187-86C7-D62B415174EF}.Debug|Any CPU.Build.0 = Debug|Any CPU
		{F951CB65-BA41-4187-86C7-D62B415174EF}.Release|Any CPU.ActiveCfg = Release|Any CPU
		{F951CB65-BA41-4187-86C7-D62B415174EF}.Release|Any CPU.Build.0 = Release|Any CPU
	EndGlobalSection
	GlobalSection(SolutionProperties) = preSolution
		HideSolutionNode = FALSE
	EndGlobalSection
	GlobalSection(ExtensibilityGlobals) = postSolution
		SolutionGuid = {F180FD9D-D379-4AFD-81B7-9E883C8747C1}
	EndGlobalSection
EndGlobal
