
Microsoft Visual Studio Solution File, Format Version 12.00
# Visual Studio Version 17
VisualStudioVersion = 17.2.32630.192
MinimumVisualStudioVersion = 10.0.40219.1
Project("{FAE04EC0-301F-11D3-BF4B-00C04F79EFBC}") = "BibliotecaLINQ_SegundaPruebaCRUD_V105", "BibliotecaLINQ_SegundaPruebaCRUD_V105\BibliotecaLINQ_SegundaPruebaCRUD_V105.csproj", "{A7B7AA63-55EB-4EC3-9757-2BC87060D320}"
EndProject
Global
	GlobalSection(SolutionConfigurationPlatforms) = preSolution
		Debug|Any CPU = Debug|Any CPU
		Release|Any CPU = Release|Any CPU
	EndGlobalSection
	GlobalSection(ProjectConfigurationPlatforms) = postSolution
		{A7B7AA63-55EB-4EC3-9757-2BC87060D320}.Debug|Any CPU.ActiveCfg = Debug|Any CPU
		{A7B7AA63-55EB-4EC3-9757-2BC87060D320}.Debug|Any CPU.Build.0 = Debug|Any CPU
		{A7B7AA63-55EB-4EC3-9757-2BC87060D320}.Release|Any CPU.ActiveCfg = Release|Any CPU
		{A7B7AA63-55EB-4EC3-9757-2BC87060D320}.Release|Any CPU.Build.0 = Release|Any CPU
	EndGlobalSection
	GlobalSection(SolutionProperties) = preSolution
		HideSolutionNode = FALSE
	EndGlobalSection
	GlobalSection(ExtensibilityGlobals) = postSolution
		SolutionGuid = {40607C52-47C1-4F3F-BB95-362E5E6D2CE6}
	EndGlobalSection
EndGlobal
